# Generated by pub: This comment indicates that the file was generated by the pub tool.

# See https://dart.dev/tools/pub/glossary#lockfile: A link to the pub documentation explaining the lockfile.

packages:
  # The following lines define the dependencies for the project.
  # Each dependency has a name, dependency type, description, source, and version.

# ... (Many dependencies are listed here)

# sdk: This section specifies the SDK constraints for the project.
sdks:
  dart: ">=2.4.0 <3.0.0"
  flutter: ">=0.3.6 <2.0.0"
